
Microsoft Visual Studio Solution File, Format Version 12.00
# Visual Studio Version 17
VisualStudioVersion = 17.14.37012.4 d17.14
MinimumVisualStudioVersion = 10.0.40219.1
Project("{FAE04EC0-301F-11D3-BF4B-00C04F79EFBC}") = "Ecommerce-System", "Ecommerce-System\Ecommerce-System.csproj", "{0FB9620B-791C-48E2-BE78-8EE11737B559}"
EndProject
Global
	GlobalSection(SolutionConfigurationPlatforms) = preSolution
		Debug|Any CPU = Debug|Any CPU
		Release|Any CPU = Release|Any CPU
	EndGlobalSection
	GlobalSection(ProjectConfigurationPlatforms) = postSolution
		{0FB9620B-791C-48E2-BE78-8EE11737B559}.Debug|Any CPU.ActiveCfg = Debug|Any CPU
		{0FB9620B-791C-48E2-BE78-8EE11737B559}.Debug|Any CPU.Build.0 = Debug|Any CPU
		{0FB9620B-791C-48E2-BE78-8EE11737B559}.Release|Any CPU.ActiveCfg = Release|Any CPU
		{0FB9620B-791C-48E2-BE78-8EE11737B559}.Release|Any CPU.Build.0 = Release|Any CPU
	EndGlobalSection
	GlobalSection(SolutionProperties) = preSolution
		HideSolutionNode = FALSE
	EndGlobalSection
	GlobalSection(ExtensibilityGlobals) = postSolution
		SolutionGuid = {2C57EC82-2CBF-45E9-BD9C-8760BA0575EC}
	EndGlobalSection
EndGlobal
